# This file is automatically @generated by Cargo.
# It is not intended for manual editing.
[[package]]
name = "autocfg"
version = "1.0.1"
source = "registry+https://github.com/rust-lang/crates.io-index"
checksum = "cdb031dd78e28731d87d56cc8ffef4a8f36ca26c38fe2de700543e627f8a464a"

[[package]]
name = "lazy_static"
version = "1.4.0"
source = "registry+https://github.com/rust-lang/crates.io-index"
checksum = "e2abad23fbc42b3700f2f279844dc832adb2b2eb069b2df918f455c4e18cc646"

[[package]]
name = "libc"
version = "0.2.76"
source = "registry+https://github.com/rust-lang/crates.io-index"
checksum = "755456fae044e6fa1ebbbd1b3e902ae19e73097ed4ed87bb79934a867c007bc3"

[[package]]
name = "num-traits"
version = "0.2.12"
source = "registry+https://github.com/rust-lang/crates.io-index"
checksum = "ac267bcc07f48ee5f8935ab0d24f316fb722d7a1292e2913f0cc196b29ffd611"
dependencies = [
 "autocfg",
]

[[package]]
name = "pid"
version = "2.1.0"
source = "registry+https://github.com/rust-lang/crates.io-index"
checksum = "5222362a342cf1f0e5bfd031177a34e3d879bdcc2d89b6a7b7e4d0c089c5de4e"
dependencies = [
 "num-traits",
]

[[package]]
name = "rpi_embedded"
version = "0.1.0"
source = "registry+https://github.com/rust-lang/crates.io-index"
checksum = "f052bc47577b54d656c0adabd2e76591bc646ab01714e1abf429aeaed83f1222"
dependencies = [
 "lazy_static",
 "libc",
]

[[package]]
name = "rppal"
version = "0.11.3"
source = "registry+https://github.com/rust-lang/crates.io-index"
checksum = "137dbba1fb867daa27cda4c3cd6a11bca5bb5a1551f034cf9319b994846ddbe1"
dependencies = [
 "lazy_static",
 "libc",
]

[[package]]
name = "rust_gpiozero"
version = "0.2.0"
source = "registry+https://github.com/rust-lang/crates.io-index"
checksum = "2de0e2fde7b1908026fcb13cff771d9cdb21d7e103220c3a6a9b62b4b8346fa8"
dependencies = [
 "rppal",
]

[[package]]
name = "rust_template"
version = "0.1.0"
dependencies = [
 "pid",
 "rpi_embedded",
 "rust_gpiozero",
]
